// !$*UTF8*$!
{
	archiveVersion = 1;
	classes = {
	};
	objectVersion = 56;
	objects = {

/* Begin PBXBuildFile section */
		1B967A442B3DBA5C0064A1B4 /* CircleImage.swift in Sources */ = {isa = PBXBuildFile; fileRef = 1B967A432B3DBA5C0064A1B4 /* CircleImage.swift */; };
		1B967A462B3DBAFE0064A1B4 /* MapView.swift in Sources */ = {isa = PBXBuildFile; fileRef = 1B967A452B3DBAFE0064A1B4 /* MapView.swift */; };
		1B967A482B3DBFB40064A1B4 /* landmarkData.json in Resources */ = {isa = PBXBuildFile; fileRef = 1B967A472B3DBFB40064A1B4 /* landmarkData.json */; };
		1B967A4A2B3DBFF70064A1B4 /* Landmark.swift in Sources */ = {isa = PBXBuildFile; fileRef = 1B967A492B3DBFF70064A1B4 /* Landmark.swift */; };
		1B967A4C2B3DC1900064A1B4 /* ModelData.swift in Sources */ = {isa = PBXBuildFile; fileRef = 1B967A4B2B3DC1900064A1B4 /* ModelData.swift */; };
		1B967A512B3DC35E0064A1B4 /* LandmarkRow.swift in Sources */ = {isa = PBXBuildFile; fileRef = 1B967A502B3DC35E0064A1B4 /* LandmarkRow.swift */; };
		1B967A532B3DC47C0064A1B4 /* LandmarkList.swift in Sources */ = {isa = PBXBuildFile; fileRef = 1B967A522B3DC47C0064A1B4 /* LandmarkList.swift */; };
		1B967A552B3DC5460064A1B4 /* LandmarkDetail.swift in Sources */ = {isa = PBXBuildFile; fileRef = 1B967A542B3DC5450064A1B4 /* LandmarkDetail.swift */; };
		1B967A572B3DCE280064A1B4 /* FavoriteButton.swift in Sources */ = {isa = PBXBuildFile; fileRef = 1B967A562B3DCE280064A1B4 /* FavoriteButton.swift */; };
		1BE7A3222B3C714B0034868B /* LandmarksApp.swift in Sources */ = {isa = PBXBuildFile; fileRef = 1BE7A3212B3C714B0034868B /* LandmarksApp.swift */; };
		1BE7A3242B3C714B0034868B /* ContentView.swift in Sources */ = {isa = PBXBuildFile; fileRef = 1BE7A3232B3C714B0034868B /* ContentView.swift */; };
		1BE7A3262B3C714C0034868B /* Assets.xcassets in Resources */ = {isa = PBXBuildFile; fileRef = 1BE7A3252B3C714C0034868B /* Assets.xcassets */; };
		1BE7A3292B3C714C0034868B /* Preview Assets.xcassets in Resources */ = {isa = PBXBuildFile; fileRef = 1BE7A3282B3C714C0034868B /* Preview Assets.xcassets */; };
		1BE7A3332B3C714C0034868B /* LandmarksTests.swift in Sources */ = {isa = PBXBuildFile; fileRef = 1BE7A3322B3C714C0034868B /* LandmarksTests.swift */; };
		1BE7A33D2B3C714C0034868B /* LandmarksUITests.swift in Sources */ = {isa = PBXBuildFile; fileRef = 1BE7A33C2B3C714C0034868B /* LandmarksUITests.swift */; };
		1BE7A33F2B3C714C0034868B /* LandmarksUITestsLaunchTests.swift in Sources */ = {isa = PBXBuildFile; fileRef = 1BE7A33E2B3C714C0034868B /* LandmarksUITestsLaunchTests.swift */; };
/* End PBXBuildFile section */

/* Begin PBXContainerItemProxy section */
		1BE7A32F2B3C714C0034868B /* PBXContainerItemProxy */ = {
			isa = PBXContainerItemProxy;
			containerPortal = 1BE7A3162B3C714B0034868B /* Project object */;
			proxyType = 1;
			remoteGlobalIDString = 1BE7A31D2B3C714B0034868B;
			remoteInfo = Landmarks;
		};
		1BE7A3392B3C714C0034868B /* PBXContainerItemProxy */ = {
			isa = PBXContainerItemProxy;
			containerPortal = 1BE7A3162B3C714B0034868B /* Project object */;
			proxyType = 1;
			remoteGlobalIDString = 1BE7A31D2B3C714B0034868B;
			remoteInfo = Landmarks;
		};
/* End PBXContainerItemProxy section */

/* Begin PBXFileReference section */
		1B967A432B3DBA5C0064A1B4 /* CircleImage.swift */ = {isa = PBXFileReference; lastKnownFileType = sourcecode.swift; path = CircleImage.swift; sourceTree = "<group>"; };
		1B967A452B3DBAFE0064A1B4 /* MapView.swift */ = {isa = PBXFileReference; lastKnownFileType = sourcecode.swift; path = MapView.swift; sourceTree = "<group>"; };
		1B967A472B3DBFB40064A1B4 /* landmarkData.json */ = {isa = PBXFileReference; fileEncoding = 4; lastKnownFileType = text.json; path = landmarkData.json; sourceTree = "<group>"; };
		1B967A492B3DBFF70064A1B4 /* Landmark.swift */ = {isa = PBXFileReference; lastKnownFileType = sourcecode.swift; path = Landmark.swift; sourceTree = "<group>"; };
		1B967A4B2B3DC1900064A1B4 /* ModelData.swift */ = {isa = PBXFileReference; lastKnownFileType = sourcecode.swift; path = ModelData.swift; sourceTree = "<group>"; };
		1B967A502B3DC35E0064A1B4 /* LandmarkRow.swift */ = {isa = PBXFileReference; lastKnownFileType = sourcecode.swift; path = LandmarkRow.swift; sourceTree = "<group>"; };
		1B967A522B3DC47C0064A1B4 /* LandmarkList.swift */ = {isa = PBXFileReference; lastKnownFileType = sourcecode.swift; path = LandmarkList.swift; sourceTree = "<group>"; };
		1B967A542B3DC5450064A1B4 /* LandmarkDetail.swift */ = {isa = PBXFileReference; lastKnownFileType = sourcecode.swift; path = LandmarkDetail.swift; sourceTree = "<group>"; };
		1B967A562B3DCE280064A1B4 /* FavoriteButton.swift */ = {isa = PBXFileReference; lastKnownFileType = sourcecode.swift; path = FavoriteButton.swift; sourceTree = "<group>"; };
		1BE7A31E2B3C714B0034868B /* Landmarks.app */ = {isa = PBXFileReference; explicitFileType = wrapper.application; includeInIndex = 0; path = Landmarks.app; sourceTree = BUILT_PRODUCTS_DIR; };
		1BE7A3212B3C714B0034868B /* LandmarksApp.swift */ = {isa = PBXFileReference; lastKnownFileType = sourcecode.swift; path = LandmarksApp.swift; sourceTree = "<group>"; };
		1BE7A3232B3C714B0034868B /* ContentView.swift */ = {isa = PBXFileReference; lastKnownFileType = sourcecode.swift; path = ContentView.swift; sourceTree = "<group>"; };
		1BE7A3252B3C714C0034868B /* Assets.xcassets */ = {isa = PBXFileReference; lastKnownFileType = folder.assetcatalog; path = Assets.xcassets; sourceTree = "<group>"; };
		1BE7A3282B3C714C0034868B /* Preview Assets.xcassets */ = {isa = PBXFileReference; lastKnownFileType = folder.assetcatalog; path = "Preview Assets.xcassets"; sourceTree = "<group>"; };
		1BE7A32E2B3C714C0034868B /* LandmarksTests.xctest */ = {isa = PBXFileReference; explicitFileType = wrapper.cfbundle; includeInIndex = 0; path = LandmarksTests.xctest; sourceTree = BUILT_PRODUCTS_DIR; };
		1BE7A3322B3C714C0034868B /* LandmarksTests.swift */ = {isa = PBXFileReference; lastKnownFileType = sourcecode.swift; path = LandmarksTests.swift; sourceTree = "<group>"; };
		1BE7A3382B3C714C0034868B /* LandmarksUITests.xctest */ = {isa = PBXFileReference; explicitFileType = wrapper.cfbundle; includeInIndex = 0; path = LandmarksUITests.xctest; sourceTree = BUILT_PRODUCTS_DIR; };
		1BE7A33C2B3C714C0034868B /* LandmarksUITests.swift */ = {isa = PBXFileReference; lastKnownFileType = sourcecode.swift; path = LandmarksUITests.swift; sourceTree = "<group>"; };
		1BE7A33E2B3C714C0034868B /* LandmarksUITestsLaunchTests.swift */ = {isa = PBXFileReference; lastKnownFileType = sourcecode.swift; path = LandmarksUITestsLaunchTests.swift; sourceTree = "<group>"; };
/* End PBXFileReference section */

/* Begin PBXFrameworksBuildPhase section */
		1BE7A31B2B3C714B0034868B /* Frameworks */ = {
			isa = PBXFrameworksBuildPhase;
			buildActionMask = 2147483647;
			files = (
			);
			runOnlyForDeploymentPostprocessing = 0;
		};
		1BE7A32B2B3C714C0034868B /* Frameworks */ = {
			isa = PBXFrameworksBuildPhase;
			buildActionMask = 2147483647;
			files = (
			);
			runOnlyForDeploymentPostprocessing = 0;
		};
		1BE7A3352B3C714C0034868B /* Frameworks */ = {
			isa = PBXFrameworksBuildPhase;
			buildActionMask = 2147483647;
			files = (
			);
			runOnlyForDeploymentPostprocessing = 0;
		};
/* End PBXFrameworksBuildPhase section */

/* Begin PBXGroup section */
		1B967A4D2B3DC3150064A1B4 /* Views */ = {
			isa = PBXGroup;
			children = (
				1BE7A3232B3C714B0034868B /* ContentView.swift */,
				1B967A582B3DCEF20064A1B4 /* Helper */,
				1B967A592B3DCF020064A1B4 /* Landmarks */,
			);
			path = Views;
			sourceTree = "<group>";
		};
		1B967A4E2B3DC3220064A1B4 /* Resources */ = {
			isa = PBXGroup;
			children = (
				1B967A472B3DBFB40064A1B4 /* landmarkData.json */,
			);
			path = Resources;
			sourceTree = "<group>";
		};
		1B967A4F2B3DC3380064A1B4 /* Model */ = {
			isa = PBXGroup;
			children = (
				1B967A492B3DBFF70064A1B4 /* Landmark.swift */,
				1B967A4B2B3DC1900064A1B4 /* ModelData.swift */,
			);
			path = Model;
			sourceTree = "<group>";
		};
		1B967A582B3DCEF20064A1B4 /* Helper */ = {
			isa = PBXGroup;
			children = (
				1B967A432B3DBA5C0064A1B4 /* CircleImage.swift */,
				1B967A452B3DBAFE0064A1B4 /* MapView.swift */,
				1B967A562B3DCE280064A1B4 /* FavoriteButton.swift */,
			);
			path = Helper;
			sourceTree = "<group>";
		};
		1B967A592B3DCF020064A1B4 /* Landmarks */ = {
			isa = PBXGroup;
			children = (
				1B967A502B3DC35E0064A1B4 /* LandmarkRow.swift */,
				1B967A522B3DC47C0064A1B4 /* LandmarkList.swift */,
				1B967A542B3DC5450064A1B4 /* LandmarkDetail.swift */,
			);
			path = Landmarks;
			sourceTree = "<group>";
		};
		1BE7A3152B3C714B0034868B = {
			isa = PBXGroup;
			children = (
				1BE7A3202B3C714B0034868B /* Landmarks */,
				1BE7A3312B3C714C0034868B /* LandmarksTests */,
				1BE7A33B2B3C714C0034868B /* LandmarksUITests */,
				1BE7A31F2B3C714B0034868B /* Products */,
			);
			sourceTree = "<group>";
		};
		1BE7A31F2B3C714B0034868B /* Products */ = {
			isa = PBXGroup;
			children = (
				1BE7A31E2B3C714B0034868B /* Landmarks.app */,
				1BE7A32E2B3C714C0034868B /* LandmarksTests.xctest */,
				1BE7A3382B3C714C0034868B /* LandmarksUITests.xctest */,
			);
			name = Products;
			sourceTree = "<group>";
		};
		1BE7A3202B3C714B0034868B /* Landmarks */ = {
			isa = PBXGroup;
			children = (
				1B967A4E2B3DC3220064A1B4 /* Resources */,
				1BE7A3212B3C714B0034868B /* LandmarksApp.swift */,
				1B967A4D2B3DC3150064A1B4 /* Views */,
				1BE7A3252B3C714C0034868B /* Assets.xcassets */,
				1BE7A3272B3C714C0034868B /* Preview Content */,
				1B967A4F2B3DC3380064A1B4 /* Model */,
			);
			path = Landmarks;
			sourceTree = "<group>";
		};
		1BE7A3272B3C714C0034868B /* Preview Content */ = {
			isa = PBXGroup;
			children = (
				1BE7A3282B3C714C0034868B /* Preview Assets.xcassets */,
			);
			path = "Preview Content";
			sourceTree = "<group>";
		};
		1BE7A3312B3C714C0034868B /* LandmarksTests */ = {
			isa = PBXGroup;
			children = (
				1BE7A3322B3C714C0034868B /* LandmarksTests.swift */,
			);
			path = LandmarksTests;
			sourceTree = "<group>";
		};
		1BE7A33B2B3C714C0034868B /* LandmarksUITests */ = {
			isa = PBXGroup;
			children = (
				1BE7A33C2B3C714C0034868B /* LandmarksUITests.swift */,
				1BE7A33E2B3C714C0034868B /* LandmarksUITestsLaunchTests.swift */,
			);
			path = LandmarksUITests;
			sourceTree = "<group>";
		};
/* End PBXGroup section */

/* Begin PBXNativeTarget section */
		1BE7A31D2B3C714B0034868B /* Landmarks */ = {
			isa = PBXNativeTarget;
			buildConfigurationList = 1BE7A3422B3C714C0034868B /* Build configuration list for PBXNativeTarget "Landmarks" */;
			buildPhases = (
				1BE7A31A2B3C714B0034868B /* Sources */,
				1BE7A31B2B3C714B0034868B /* Frameworks */,
				1BE7A31C2B3C714B0034868B /* Resources */,
			);
			buildRules = (
			);
			dependencies = (
			);
			name = Landmarks;
			productName = Landmarks;
			productReference = 1BE7A31E2B3C714B0034868B /* Landmarks.app */;
			productType = "com.apple.product-type.application";
		};
		1BE7A32D2B3C714C0034868B /* LandmarksTests */ = {
			isa = PBXNativeTarget;
			buildConfigurationList = 1BE7A3452B3C714C0034868B /* Build configuration list for PBXNativeTarget "LandmarksTests" */;
			buildPhases = (
				1BE7A32A2B3C714C0034868B /* Sources */,
				1BE7A32B2B3C714C0034868B /* Frameworks */,
				1BE7A32C2B3C714C0034868B /* Resources */,
			);
			buildRules = (
			);
			dependencies = (
				1BE7A3302B3C714C0034868B /* PBXTargetDependency */,
			);
			name = LandmarksTests;
			productName = LandmarksTests;
			productReference = 1BE7A32E2B3C714C0034868B /* LandmarksTests.xctest */;
			productType = "com.apple.product-type.bundle.unit-test";
		};
		1BE7A3372B3C714C0034868B /* LandmarksUITests */ = {
			isa = PBXNativeTarget;
			buildConfigurationList = 1BE7A3482B3C714C0034868B /* Build configuration list for PBXNativeTarget "LandmarksUITests" */;
			buildPhases = (
				1BE7A3342B3C714C0034868B /* Sources */,
				1BE7A3352B3C714C0034868B /* Frameworks */,
				1BE7A3362B3C714C0034868B /* Resources */,
			);
			buildRules = (
			);
			dependencies = (
				1BE7A33A2B3C714C0034868B /* PBXTargetDependency */,
			);
			name = LandmarksUITests;
			productName = LandmarksUITests;
			productReference = 1BE7A3382B3C714C0034868B /* LandmarksUITests.xctest */;
			productType = "com.apple.product-type.bundle.ui-testing";
		};
/* End PBXNativeTarget section */

/* Begin PBXProject section */
		1BE7A3162B3C714B0034868B /* Project object */ = {
			isa = PBXProject;
			attributes = {
				BuildIndependentTargetsInParallel = 1;
				LastSwiftUpdateCheck = 1510;
				LastUpgradeCheck = 1510;
				TargetAttributes = {
					1BE7A31D2B3C714B0034868B = {
						CreatedOnToolsVersion = 15.1;
					};
					1BE7A32D2B3C714C0034868B = {
						CreatedOnToolsVersion = 15.1;
						TestTargetID = 1BE7A31D2B3C714B0034868B;
					};
					1BE7A3372B3C714C0034868B = {
						CreatedOnToolsVersion = 15.1;
						TestTargetID = 1BE7A31D2B3C714B0034868B;
					};
				};
			};
			buildConfigurationList = 1BE7A3192B3C714B0034868B /* Build configuration list for PBXProject "Landmarks" */;
			compatibilityVersion = "Xcode 14.0";
			developmentRegion = en;
			hasScannedForEncodings = 0;
			knownRegions = (
				en,
				Base,
			);
			mainGroup = 1BE7A3152B3C714B0034868B;
			productRefGroup = 1BE7A31F2B3C714B0034868B /* Products */;
			projectDirPath = "";
			projectRoot = "";
			targets = (
				1BE7A31D2B3C714B0034868B /* Landmarks */,
				1BE7A32D2B3C714C0034868B /* LandmarksTests */,
				1BE7A3372B3C714C0034868B /* LandmarksUITests */,
			);
		};
/* End PBXProject section */

/* Begin PBXResourcesBuildPhase section */
		1BE7A31C2B3C714B0034868B /* Resources */ = {
			isa = PBXResourcesBuildPhase;
			buildActionMask = 2147483647;
			files = (
				1BE7A3292B3C714C0034868B /* Preview Assets.xcassets in Resources */,
				1BE7A3262B3C714C0034868B /* Assets.xcassets in Resources */,
				1B967A482B3DBFB40064A1B4 /* landmarkData.json in Resources */,
			);
			runOnlyForDeploymentPostprocessing = 0;
		};
		1BE7A32C2B3C714C0034868B /* Resources */ = {
			isa = PBXResourcesBuildPhase;
			buildActionMask = 2147483647;
			files = (
			);
			runOnlyForDeploymentPostprocessing = 0;
		};
		1BE7A3362B3C714C0034868B /* Resources */ = {
			isa = PBXResourcesBuildPhase;
			buildActionMask = 2147483647;
			files = (
			);
			runOnlyForDeploymentPostprocessing = 0;
		};
/* End PBXResourcesBuildPhase section */

/* Begin PBXSourcesBuildPhase section */
		1BE7A31A2B3C714B0034868B /* Sources */ = {
			isa = PBXSourcesBuildPhase;
			buildActionMask = 2147483647;
			files = (
				1BE7A3242B3C714B0034868B /* ContentView.swift in Sources */,
				1B967A462B3DBAFE0064A1B4 /* MapView.swift in Sources */,
				1BE7A3222B3C714B0034868B /* LandmarksApp.swift in Sources */,
				1B967A572B3DCE280064A1B4 /* FavoriteButton.swift in Sources */,
				1B967A532B3DC47C0064A1B4 /* LandmarkList.swift in Sources */,
				1B967A552B3DC5460064A1B4 /* LandmarkDetail.swift in Sources */,
				1B967A442B3DBA5C0064A1B4 /* CircleImage.swift in Sources */,
				1B967A4A2B3DBFF70064A1B4 /* Landmark.swift in Sources */,
				1B967A512B3DC35E0064A1B4 /* LandmarkRow.swift in Sources */,
				1B967A4C2B3DC1900064A1B4 /* ModelData.swift in Sources */,
			);
			runOnlyForDeploymentPostprocessing = 0;
		};
		1BE7A32A2B3C714C0034868B /* Sources */ = {
			isa = PBXSourcesBuildPhase;
			buildActionMask = 2147483647;
			files = (
				1BE7A3332B3C714C0034868B /* LandmarksTests.swift in Sources */,
			);
			runOnlyForDeploymentPostprocessing = 0;
		};
		1BE7A3342B3C714C0034868B /* Sources */ = {
			isa = PBXSourcesBuildPhase;
			buildActionMask = 2147483647;
			files = (
				1BE7A33F2B3C714C0034868B /* LandmarksUITestsLaunchTests.swift in Sources */,
				1BE7A33D2B3C714C0034868B /* LandmarksUITests.swift in Sources */,
			);
			runOnlyForDeploymentPostprocessing = 0;
		};
/* End PBXSourcesBuildPhase section */

/* Begin PBXTargetDependency section */
		1BE7A3302B3C714C0034868B /* PBXTargetDependency */ = {
			isa = PBXTargetDependency;
			target = 1BE7A31D2B3C714B0034868B /* Landmarks */;
			targetProxy = 1BE7A32F2B3C714C0034868B /* PBXContainerItemProxy */;
		};
		1BE7A33A2B3C714C0034868B /* PBXTargetDependency */ = {
			isa = PBXTargetDependency;
			target = 1BE7A31D2B3C714B0034868B /* Landmarks */;
			targetProxy = 1BE7A3392B3C714C0034868B /* PBXContainerItemProxy */;
		};
/* End PBXTargetDependency section */

/* Begin XCBuildConfiguration section */
		1BE7A3402B3C714C0034868B /* Debug */ = {
			isa = XCBuildConfiguration;
			buildSettings = {
				ALWAYS_SEARCH_USER_PATHS = NO;
				ASSETCATALOG_COMPILER_GENERATE_SWIFT_ASSET_SYMBOL_EXTENSIONS = YES;
				CLANG_ANALYZER_NONNULL = YES;
				CLANG_ANALYZER_NUMBER_OBJECT_CONVERSION = YES_AGGRESSIVE;
				CLANG_CXX_LANGUAGE_STANDARD = "gnu++20";
				CLANG_ENABLE_MODULES = YES;
				CLANG_ENABLE_OBJC_ARC = YES;
				CLANG_ENABLE_OBJC_WEAK = YES;
				CLANG_WARN_BLOCK_CAPTURE_AUTORELEASING = YES;
				CLANG_WARN_BOOL_CONVERSION = YES;
				CLANG_WARN_COMMA = YES;
				CLANG_WARN_CONSTANT_CONVERSION = YES;
				CLANG_WARN_DEPRECATED_OBJC_IMPLEMENTATIONS = YES;
				CLANG_WARN_DIRECT_OBJC_ISA_USAGE = YES_ERROR;
				CLANG_WARN_DOCUMENTATION_COMMENTS = YES;
				CLANG_WARN_EMPTY_BODY = YES;
				CLANG_WARN_ENUM_CONVERSION = YES;
				CLANG_WARN_INFINITE_RECURSION = YES;
				CLANG_WARN_INT_CONVERSION = YES;
				CLANG_WARN_NON_LITERAL_NULL_CONVERSION = YES;
				CLANG_WARN_OBJC_IMPLICIT_RETAIN_SELF = YES;
				CLANG_WARN_OBJC_LITERAL_CONVERSION = YES;
				CLANG_WARN_OBJC_ROOT_CLASS = YES_ERROR;
				CLANG_WARN_QUOTED_INCLUDE_IN_FRAMEWORK_HEADER = YES;
				CLANG_WARN_RANGE_LOOP_ANALYSIS = YES;
				CLANG_WARN_STRICT_PROTOTYPES = YES;
				CLANG_WARN_SUSPICIOUS_MOVE = YES;
				CLANG_WARN_UNGUARDED_AVAILABILITY = YES_AGGRESSIVE;
				CLANG_WARN_UNREACHABLE_CODE = YES;
				CLANG_WARN__DUPLICATE_METHOD_MATCH = YES;
				COPY_PHASE_STRIP = NO;
				DEBUG_INFORMATION_FORMAT = dwarf;
				ENABLE_STRICT_OBJC_MSGSEND = YES;
				ENABLE_TESTABILITY = YES;
				ENABLE_USER_SCRIPT_SANDBOXING = YES;
				GCC_C_LANGUAGE_STANDARD = gnu17;
				GCC_DYNAMIC_NO_PIC = NO;
				GCC_NO_COMMON_BLOCKS = YES;
				GCC_OPTIMIZATION_LEVEL = 0;
				GCC_PREPROCESSOR_DEFINITIONS = (
					"DEBUG=1",
					"$(inherited)",
				);
				GCC_WARN_64_TO_32_BIT_CONVERSION = YES;
				GCC_WARN_ABOUT_RETURN_TYPE = YES_ERROR;
				GCC_WARN_UNDECLARED_SELECTOR = YES;
				GCC_WARN_UNINITIALIZED_AUTOS = YES_AGGRESSIVE;
				GCC_WARN_UNUSED_FUNCTION = YES;
				GCC_WARN_UNUSED_VARIABLE = YES;
				IPHONEOS_DEPLOYMENT_TARGET = 17.2;
				LOCALIZATION_PREFERS_STRING_CATALOGS = YES;
				MTL_ENABLE_DEBUG_INFO = INCLUDE_SOURCE;
				MTL_FAST_MATH = YES;
				ONLY_ACTIVE_ARCH = YES;
				SDKROOT = iphoneos;
				SWIFT_ACTIVE_COMPILATION_CONDITIONS = "DEBUG $(inherited)";
				SWIFT_OPTIMIZATION_LEVEL = "-Onone";
			};
			name = Debug;
		};
		1BE7A3412B3C714C0034868B /* Release */ = {
			isa = XCBuildConfiguration;
			buildSettings = {
				ALWAYS_SEARCH_USER_PATHS = NO;
				ASSETCATALOG_COMPILER_GENERATE_SWIFT_ASSET_SYMBOL_EXTENSIONS = YES;
				CLANG_ANALYZER_NONNULL = YES;
				CLANG_ANALYZER_NUMBER_OBJECT_CONVERSION = YES_AGGRESSIVE;
				CLANG_CXX_LANGUAGE_STANDARD = "gnu++20";
				CLANG_ENABLE_MODULES = YES;
				CLANG_ENABLE_OBJC_ARC = YES;
				CLANG_ENABLE_OBJC_WEAK = YES;
				CLANG_WARN_BLOCK_CAPTURE_AUTORELEASING = YES;
				CLANG_WARN_BOOL_CONVERSION = YES;
				CLANG_WARN_COMMA = YES;
				CLANG_WARN_CONSTANT_CONVERSION = YES;
				CLANG_WARN_DEPRECATED_OBJC_IMPLEMENTATIONS = YES;
				CLANG_WARN_DIRECT_OBJC_ISA_USAGE = YES_ERROR;
				CLANG_WARN_DOCUMENTATION_COMMENTS = YES;
				CLANG_WARN_EMPTY_BODY = YES;
				CLANG_WARN_ENUM_CONVERSION = YES;
				CLANG_WARN_INFINITE_RECURSION = YES;
				CLANG_WARN_INT_CONVERSION = YES;
				CLANG_WARN_NON_LITERAL_NULL_CONVERSION = YES;
				CLANG_WARN_OBJC_IMPLICIT_RETAIN_SELF = YES;
				CLANG_WARN_OBJC_LITERAL_CONVERSION = YES;
				CLANG_WARN_OBJC_ROOT_CLASS = YES_ERROR;
				CLANG_WARN_QUOTED_INCLUDE_IN_FRAMEWORK_HEADER = YES;
				CLANG_WARN_RANGE_LOOP_ANALYSIS = YES;
				CLANG_WARN_STRICT_PROTOTYPES = YES;
				CLANG_WARN_SUSPICIOUS_MOVE = YES;
				CLANG_WARN_UNGUARDED_AVAILABILITY = YES_AGGRESSIVE;
				CLANG_WARN_UNREACHABLE_CODE = YES;
				CLANG_WARN__DUPLICATE_METHOD_MATCH = YES;
				COPY_PHASE_STRIP = NO;
				DEBUG_INFORMATION_FORMAT = "dwarf-with-dsym";
				ENABLE_NS_ASSERTIONS = NO;
				ENABLE_STRICT_OBJC_MSGSEND = YES;
				ENABLE_USER_SCRIPT_SANDBOXING = YES;
				GCC_C_LANGUAGE_STANDARD = gnu17;
				GCC_NO_COMMON_BLOCKS = YES;
				GCC_WARN_64_TO_32_BIT_CONVERSION = YES;
				GCC_WARN_ABOUT_RETURN_TYPE = YES_ERROR;
				GCC_WARN_UNDECLARED_SELECTOR = YES;
				GCC_WARN_UNINITIALIZED_AUTOS = YES_AGGRESSIVE;
				GCC_WARN_UNUSED_FUNCTION = YES;
				GCC_WARN_UNUSED_VARIABLE = YES;
				IPHONEOS_DEPLOYMENT_TARGET = 17.2;
				LOCALIZATION_PREFERS_STRING_CATALOGS = YES;
				MTL_ENABLE_DEBUG_INFO = NO;
				MTL_FAST_MATH = YES;
				SDKROOT = iphoneos;
				SWIFT_COMPILATION_MODE = wholemodule;
				VALIDATE_PRODUCT = YES;
			};
			name = Release;
		};
		1BE7A3432B3C714C0034868B /* Debug */ = {
			isa = XCBuildConfiguration;
			buildSettings = {
				ASSETCATALOG_COMPILER_APPICON_NAME = AppIcon;
				ASSETCATALOG_COMPILER_GLOBAL_ACCENT_COLOR_NAME = AccentColor;
				CODE_SIGN_STYLE = Automatic;
				CURRENT_PROJECT_VERSION = 1;
				DEVELOPMENT_ASSET_PATHS = "\"Landmarks/Preview Content\"";
				DEVELOPMENT_TEAM = 9MPKRRJUDV;
				ENABLE_PREVIEWS = YES;
				GENERATE_INFOPLIST_FILE = YES;
				INFOPLIST_KEY_UIApplicationSceneManifest_Generation = YES;
				INFOPLIST_KEY_UIApplicationSupportsIndirectInputEvents = YES;
				INFOPLIST_KEY_UILaunchScreen_Generation = YES;
				INFOPLIST_KEY_UISupportedInterfaceOrientations_iPad = "UIInterfaceOrientationPortrait UIInterfaceOrientationPortraitUpsideDown UIInterfaceOrientationLandscapeLeft UIInterfaceOrientationLandscapeRight";
				INFOPLIST_KEY_UISupportedInterfaceOrientations_iPhone = "UIInterfaceOrientationPortrait UIInterfaceOrientationLandscapeLeft UIInterfaceOrientationLandscapeRight";
				LD_RUNPATH_SEARCH_PATHS = (
					"$(inherited)",
					"@executable_path/Frameworks",
				);
				MARKETING_VERSION = 1.0;
				PRODUCT_BUNDLE_IDENTIFIER = com.kateebrr.Landmarks;
				PRODUCT_NAME = "$(TARGET_NAME)";
				SWIFT_EMIT_LOC_STRINGS = YES;
				SWIFT_VERSION = 5.0;
				TARGETED_DEVICE_FAMILY = "1,2";
			};
			name = Debug;
		};
		1BE7A3442B3C714C0034868B /* Release */ = {
			isa = XCBuildConfiguration;
			buildSettings = {
				ASSETCATALOG_COMPILER_APPICON_NAME = AppIcon;
				ASSETCATALOG_COMPILER_GLOBAL_ACCENT_COLOR_NAME = AccentColor;
				CODE_SIGN_STYLE = Automatic;
				CURRENT_PROJECT_VERSION = 1;
				DEVELOPMENT_ASSET_PATHS = "\"Landmarks/Preview Content\"";
				DEVELOPMENT_TEAM = 9MPKRRJUDV;
				ENABLE_PREVIEWS = YES;
				GENERATE_INFOPLIST_FILE = YES;
				INFOPLIST_KEY_UIApplicationSceneManifest_Generation = YES;
				INFOPLIST_KEY_UIApplicationSupportsIndirectInputEvents = YES;
				INFOPLIST_KEY_UILaunchScreen_Generation = YES;
				INFOPLIST_KEY_UISupportedInterfaceOrientations_iPad = "UIInterfaceOrientationPortrait UIInterfaceOrientationPortraitUpsideDown UIInterfaceOrientationLandscapeLeft UIInterfaceOrientationLandscapeRight";
				INFOPLIST_KEY_UISupportedInterfaceOrientations_iPhone = "UIInterfaceOrientationPortrait UIInterfaceOrientationLandscapeLeft UIInterfaceOrientationLandscapeRight";
				LD_RUNPATH_SEARCH_PATHS = (
					"$(inherited)",
					"@executable_path/Frameworks",
				);
				MARKETING_VERSION = 1.0;
				PRODUCT_BUNDLE_IDENTIFIER = com.kateebrr.Landmarks;
				PRODUCT_NAME = "$(TARGET_NAME)";
				SWIFT_EMIT_LOC_STRINGS = YES;
				SWIFT_VERSION = 5.0;
				TARGETED_DEVICE_FAMILY = "1,2";
			};
			name = Release;
		};
		1BE7A3462B3C714C0034868B /* Debug */ = {
			isa = XCBuildConfiguration;
			buildSettings = {
				ALWAYS_EMBED_SWIFT_STANDARD_LIBRARIES = YES;
				BUNDLE_LOADER = "$(TEST_HOST)";
				CODE_SIGN_STYLE = Automatic;
				CURRENT_PROJECT_VERSION = 1;
				DEVELOPMENT_TEAM = 9MPKRRJUDV;
				GENERATE_INFOPLIST_FILE = YES;
				IPHONEOS_DEPLOYMENT_TARGET = 17.2;
				MARKETING_VERSION = 1.0;
				PRODUCT_BUNDLE_IDENTIFIER = com.kateebrr.LandmarksTests;
				PRODUCT_NAME = "$(TARGET_NAME)";
				SWIFT_EMIT_LOC_STRINGS = NO;
				SWIFT_VERSION = 5.0;
				TARGETED_DEVICE_FAMILY = "1,2";
				TEST_HOST = "$(BUILT_PRODUCTS_DIR)/Landmarks.app/$(BUNDLE_EXECUTABLE_FOLDER_PATH)/Landmarks";
			};
			name = Debug;
		};
		1BE7A3472B3C714C0034868B /* Release */ = {
			isa = XCBuildConfiguration;
			buildSettings = {
				ALWAYS_EMBED_SWIFT_STANDARD_LIBRARIES = YES;
				BUNDLE_LOADER = "$(TEST_HOST)";
				CODE_SIGN_STYLE = Automatic;
				CURRENT_PROJECT_VERSION = 1;
				DEVELOPMENT_TEAM = 9MPKRRJUDV;
				GENERATE_INFOPLIST_FILE = YES;
				IPHONEOS_DEPLOYMENT_TARGET = 17.2;
				MARKETING_VERSION = 1.0;
				PRODUCT_BUNDLE_IDENTIFIER = com.kateebrr.LandmarksTests;
				PRODUCT_NAME = "$(TARGET_NAME)";
				SWIFT_EMIT_LOC_STRINGS = NO;
				SWIFT_VERSION = 5.0;
				TARGETED_DEVICE_FAMILY = "1,2";
				TEST_HOST = "$(BUILT_PRODUCTS_DIR)/Landmarks.app/$(BUNDLE_EXECUTABLE_FOLDER_PATH)/Landmarks";
			};
			name = Release;
		};
		1BE7A3492B3C714C0034868B /* Debug */ = {
			isa = XCBuildConfiguration;
			buildSettings = {
				ALWAYS_EMBED_SWIFT_STANDARD_LIBRARIES = YES;
				CODE_SIGN_STYLE = Automatic;
				CURRENT_PROJECT_VERSION = 1;
				DEVELOPMENT_TEAM = 9MPKRRJUDV;
				GENERATE_INFOPLIST_FILE = YES;
				MARKETING_VERSION = 1.0;
				PRODUCT_BUNDLE_IDENTIFIER = com.kateebrr.LandmarksUITests;
				PRODUCT_NAME = "$(TARGET_NAME)";
				SWIFT_EMIT_LOC_STRINGS = NO;
				SWIFT_VERSION = 5.0;
				TARGETED_DEVICE_FAMILY = "1,2";
				TEST_TARGET_NAME = Landmarks;
			};
			name = Debug;
		};
		1BE7A34A2B3C714C0034868B /* Release */ = {
			isa = XCBuildConfiguration;
			buildSettings = {
				ALWAYS_EMBED_SWIFT_STANDARD_LIBRARIES = YES;
				CODE_SIGN_STYLE = Automatic;
				CURRENT_PROJECT_VERSION = 1;
				DEVELOPMENT_TEAM = 9MPKRRJUDV;
				GENERATE_INFOPLIST_FILE = YES;
				MARKETING_VERSION = 1.0;
				PRODUCT_BUNDLE_IDENTIFIER = com.kateebrr.LandmarksUITests;
				PRODUCT_NAME = "$(TARGET_NAME)";
				SWIFT_EMIT_LOC_STRINGS = NO;
				SWIFT_VERSION = 5.0;
				TARGETED_DEVICE_FAMILY = "1,2";
				TEST_TARGET_NAME = Landmarks;
			};
			name = Release;
		};
/* End XCBuildConfiguration section */

/* Begin XCConfigurationList section */
		1BE7A3192B3C714B0034868B /* Build configuration list for PBXProject "Landmarks" */ = {
			isa = XCConfigurationList;
			buildConfigurations = (
				1BE7A3402B3C714C0034868B /* Debug */,
				1BE7A3412B3C714C0034868B /* Release */,
			);
			defaultConfigurationIsVisible = 0;
			defaultConfigurationName = Release;
		};
		1BE7A3422B3C714C0034868B /* Build configuration list for PBXNativeTarget "Landmarks" */ = {
			isa = XCConfigurationList;
			buildConfigurations = (
				1BE7A3432B3C714C0034868B /* Debug */,
				1BE7A3442B3C714C0034868B /* Release */,
			);
			defaultConfigurationIsVisible = 0;
			defaultConfigurationName = Release;
		};
		1BE7A3452B3C714C0034868B /* Build configuration list for PBXNativeTarget "LandmarksTests" */ = {
			isa = XCConfigurationList;
			buildConfigurations = (
				1BE7A3462B3C714C0034868B /* Debug */,
				1BE7A3472B3C714C0034868B /* Release */,
			);
			defaultConfigurationIsVisible = 0;
			defaultConfigurationName = Release;
		};
		1BE7A3482B3C714C0034868B /* Build configuration list for PBXNativeTarget "LandmarksUITests" */ = {
			isa = XCConfigurationList;
			buildConfigurations = (
				1BE7A3492B3C714C0034868B /* Debug */,
				1BE7A34A2B3C714C0034868B /* Release */,
			);
			defaultConfigurationIsVisible = 0;
			defaultConfigurationName = Release;
		};
/* End XCConfigurationList section */
	};
	rootObject = 1BE7A3162B3C714B0034868B /* Project object */;
}
